
Microsoft Visual Studio Solution File, Format Version 12.00
# Visual Studio Version 17
VisualStudioVersion = 17.0.31903.59
MinimumVisualStudioVersion = 10.0.40219.1
Project("{FAE04EC0-301F-11D3-BF4B-00C04F79EFBC}") = "Basic", "Basic\Basic.csproj", "{842C2426-BDFF-460B-A462-D0F9EB398889}"
EndProject
Global
	GlobalSection(SolutionConfigurationPlatforms) = preSolution
		Debug|Any CPU = Debug|Any CPU
		Release|Any CPU = Release|Any CPU
	EndGlobalSection
	GlobalSection(ProjectConfigurationPlatforms) = postSolution
		{842C2426-BDFF-460B-A462-D0F9EB398889}.Debug|Any CPU.ActiveCfg = Debug|Any CPU
		{842C2426-BDFF-460B-A462-D0F9EB398889}.Debug|Any CPU.Build.0 = Debug|Any CPU
		{842C2426-BDFF-460B-A462-D0F9EB398889}.Release|Any CPU.ActiveCfg = Release|Any CPU
		{842C2426-BDFF-460B-A462-D0F9EB398889}.Release|Any CPU.Build.0 = Release|Any CPU
	EndGlobalSection
	GlobalSection(SolutionProperties) = preSolution
		HideSolutionNode = FALSE
	EndGlobalSection
	GlobalSection(ExtensibilityGlobals) = postSolution
		SolutionGuid = {7025E900-F769-4F06-A09B-D57109AC8619}
	EndGlobalSection
EndGlobal
